Microsoft Visual Studio Solution File, Format Version 11.00
# Visual Studio 2008

Project("{8EBF5A8C-BEB8-6997-E59A-1A5B869CD746}") = "MonopolyUnity", "Assembly-CSharp-firstpass.csproj", "{10FD7519-14AF-3469-9264-D414B0E11F46}"
EndProject
Project("{8EBF5A8C-BEB8-6997-E59A-1A5B869CD746}") = "MonopolyUnity", "Assembly-CSharp.csproj", "{626A1BB3-7AE7-E489-5F80-8A6D37D9D119}"
EndProject
Project("{8EBF5A8C-BEB8-6997-E59A-1A5B869CD746}") = "MonopolyUnity", "Assembly-CSharp-Editor.csproj", "{8659EC87-D580-863A-7450-9D81BDD709F6}"
EndProject
Project("{8EBF5A8C-BEB8-6997-E59A-1A5B869CD746}") = "MonopolyUnity", "Assembly-UnityScript-firstpass.unityproj", "{D591DF80-E7A8-1BED-30D7-42F5DAB5FE43}"
EndProject
Global
	GlobalSection(SolutionConfigurationPlatforms) = preSolution
		Debug|Any CPU = Debug|Any CPU
		Release|Any CPU = Release|Any CPU
	EndGlobalSection
	GlobalSection(ProjectConfigurationPlatforms) = postSolution
		{10FD7519-14AF-3469-9264-D414B0E11F46}.Debug|Any CPU.ActiveCfg = Debug|Any CPU
		{10FD7519-14AF-3469-9264-D414B0E11F46}.Debug|Any CPU.Build.0 = Debug|Any CPU
		{10FD7519-14AF-3469-9264-D414B0E11F46}.Release|Any CPU.ActiveCfg = Release|Any CPU
		{10FD7519-14AF-3469-9264-D414B0E11F46}.Release|Any CPU.Build.0 = Release|Any CPU
		{626A1BB3-7AE7-E489-5F80-8A6D37D9D119}.Debug|Any CPU.ActiveCfg = Debug|Any CPU
		{626A1BB3-7AE7-E489-5F80-8A6D37D9D119}.Debug|Any CPU.Build.0 = Debug|Any CPU
		{626A1BB3-7AE7-E489-5F80-8A6D37D9D119}.Release|Any CPU.ActiveCfg = Release|Any CPU
		{626A1BB3-7AE7-E489-5F80-8A6D37D9D119}.Release|Any CPU.Build.0 = Release|Any CPU
		{8659EC87-D580-863A-7450-9D81BDD709F6}.Debug|Any CPU.ActiveCfg = Debug|Any CPU
		{8659EC87-D580-863A-7450-9D81BDD709F6}.Debug|Any CPU.Build.0 = Debug|Any CPU
		{8659EC87-D580-863A-7450-9D81BDD709F6}.Release|Any CPU.ActiveCfg = Release|Any CPU
		{8659EC87-D580-863A-7450-9D81BDD709F6}.Release|Any CPU.Build.0 = Release|Any CPU
		{D591DF80-E7A8-1BED-30D7-42F5DAB5FE43}.Debug|Any CPU.ActiveCfg = Debug|Any CPU
		{D591DF80-E7A8-1BED-30D7-42F5DAB5FE43}.Debug|Any CPU.Build.0 = Debug|Any CPU
		{D591DF80-E7A8-1BED-30D7-42F5DAB5FE43}.Release|Any CPU.ActiveCfg = Release|Any CPU
		{D591DF80-E7A8-1BED-30D7-42F5DAB5FE43}.Release|Any CPU.Build.0 = Release|Any CPU
	EndGlobalSection
	GlobalSection(SolutionProperties) = preSolution
		HideSolutionNode = FALSE
	EndGlobalSection
																																																		GlobalSection(MonoDevelopProperties) = preSolution
		StartupItem = Assembly-CSharp.csproj
		Policies = $0
		$0.TextStylePolicy = $1
		$1.inheritsSet = null
		$1.scope = text/x-csharp
		$0.CSharpFormattingPolicy = $2
		$2.inheritsSet = Mono
		$2.inheritsScope = text/x-csharp
		$2.scope = text/x-csharp
		$0.TextStylePolicy = $3
		$3.FileWidth = 120
		$3.TabWidth = 4
		$3.EolMarker = Unix
		$3.inheritsSet = Mono
		$3.inheritsScope = text/plain
		$3.scope = text/plain
	EndGlobalSection

EndGlobal
